github.com/tonisanta/library v0.0.0-20250205230022-86dd9b853585 h1:WP9B+kX0LhVmeqz30M0Mj2eVjTMtQrYAvQ/LEpfmzZw=
github.com/tonisanta/library v0.0.0-20250205230022-86dd9b853585/go.mod h1:4x+rP7koe/KrJgz5gNWhxWnDOtTFYZbgvnVsyupXJCA=
github.com/tonisanta/library v0.0.0-20250206084059-f464e2b38657 h1:xaGfzW66lqqzat12yQ6k3B3E1rmWrin8s0vUDtJA2s4=
github.com/tonisanta/library v0.0.0-20250206084059-f464e2b38657/go.mod h1:4x+rP7koe/KrJgz5gNWhxWnDOtTFYZbgvnVsyupXJCA=
